
Microsoft Visual Studio Solution File, Format Version 12.00
# Visual Studio Version 17
VisualStudioVersion = 17.4.33213.308
MinimumVisualStudioVersion = 10.0.40219.1
Project("{FAE04EC0-301F-11D3-BF4B-00C04F79EFBC}") = "MovieApi", "MovieApi\MovieApi.csproj", "{726BA5A0-38F8-4146-8BFD-1C589F124AD3}"
EndProject
Global
	GlobalSection(SolutionConfigurationPlatforms) = preSolution
		Debug|Any CPU = Debug|Any CPU
		Release|Any CPU = Release|Any CPU
	EndGlobalSection
	GlobalSection(ProjectConfigurationPlatforms) = postSolution
		{726BA5A0-38F8-4146-8BFD-1C589F124AD3}.Debug|Any CPU.ActiveCfg = Debug|Any CPU
		{726BA5A0-38F8-4146-8BFD-1C589F124AD3}.Debug|Any CPU.Build.0 = Debug|Any CPU
		{726BA5A0-38F8-4146-8BFD-1C589F124AD3}.Release|Any CPU.ActiveCfg = Release|Any CPU
		{726BA5A0-38F8-4146-8BFD-1C589F124AD3}.Release|Any CPU.Build.0 = Release|Any CPU
	EndGlobalSection
	GlobalSection(SolutionProperties) = preSolution
		HideSolutionNode = FALSE
	EndGlobalSection
	GlobalSection(ExtensibilityGlobals) = postSolution
		SolutionGuid = {A8BDE1EF-7F5F-4D0E-B8C4-3C79EC42D45A}
	EndGlobalSection
EndGlobal
